
Microsoft Visual Studio Solution File, Format Version 12.00
# Visual Studio Version 17
VisualStudioVersion = 17.3.32901.215
MinimumVisualStudioVersion = 10.0.40219.1
Project("{FAE04EC0-301F-11D3-BF4B-00C04F79EFBC}") = "PracticeApp", "PracticeApp\PracticeApp.csproj", "{3623581C-0877-425C-822C-2FA0FF6859C6}"
EndProject
Global
	GlobalSection(SolutionConfigurationPlatforms) = preSolution
		Debug|Any CPU = Debug|Any CPU
		Release|Any CPU = Release|Any CPU
	EndGlobalSection
	GlobalSection(ProjectConfigurationPlatforms) = postSolution
		{3623581C-0877-425C-822C-2FA0FF6859C6}.Debug|Any CPU.ActiveCfg = Debug|Any CPU
		{3623581C-0877-425C-822C-2FA0FF6859C6}.Debug|Any CPU.Build.0 = Debug|Any CPU
		{3623581C-0877-425C-822C-2FA0FF6859C6}.Release|Any CPU.ActiveCfg = Release|Any CPU
		{3623581C-0877-425C-822C-2FA0FF6859C6}.Release|Any CPU.Build.0 = Release|Any CPU
	EndGlobalSection
	GlobalSection(SolutionProperties) = preSolution
		HideSolutionNode = FALSE
	EndGlobalSection
	GlobalSection(ExtensibilityGlobals) = postSolution
		SolutionGuid = {D12023D4-AB18-4A0A-9367-372B77B54A04}
	EndGlobalSection
EndGlobal
